// !$*UTF8*$!
{
	archiveVersion = 1;
	classes = {
	};
	objectVersion = 56;
	objects = {

/* Begin PBXBuildFile section */
		000000000000000000000022 /* QeidPlusApp.swift in Sources */ = {isa = PBXBuildFile; fileRef = 00000000000000000000000B /* QeidPlusApp.swift */; };
		000000000000000000000023 /* Constants.swift in Sources */ = {isa = PBXBuildFile; fileRef = 00000000000000000000000C /* Constants.swift */; };
		000000000000000000000024 /* RoundMode.swift in Sources */ = {isa = PBXBuildFile; fileRef = 00000000000000000000000D /* RoundMode.swift */; };
		000000000000000000000025 /* MultiplierOption.swift in Sources */ = {isa = PBXBuildFile; fileRef = 00000000000000000000000E /* MultiplierOption.swift */; };
		000000000000000000000026 /* ProjectType.swift in Sources */ = {isa = PBXBuildFile; fileRef = 00000000000000000000000F /* ProjectType.swift */; };
		000000000000000000000027 /* Round.swift in Sources */ = {isa = PBXBuildFile; fileRef = 000000000000000000000010 /* Round.swift */; };
		000000000000000000000028 /* Match.swift in Sources */ = {isa = PBXBuildFile; fileRef = 000000000000000000000011 /* Match.swift */; };
		000000000000000000000029 /* ScoringService.swift in Sources */ = {isa = PBXBuildFile; fileRef = 000000000000000000000012 /* ScoringService.swift */; };
		00000000000000000000002A /* GameViewModel.swift in Sources */ = {isa = PBXBuildFile; fileRef = 000000000000000000000013 /* GameViewModel.swift */; };
		00000000000000000000002B /* AddRoundViewModel.swift in Sources */ = {isa = PBXBuildFile; fileRef = 000000000000000000000014 /* AddRoundViewModel.swift */; };
		00000000000000000000002C /* HapticFeedback.swift in Sources */ = {isa = PBXBuildFile; fileRef = 000000000000000000000015 /* HapticFeedback.swift */; };
		00000000000000000000002D /* ShareSheet.swift in Sources */ = {isa = PBXBuildFile; fileRef = 000000000000000000000016 /* ShareSheet.swift */; };
		00000000000000000000002E /* GameScreen.swift in Sources */ = {isa = PBXBuildFile; fileRef = 000000000000000000000017 /* GameScreen.swift */; };
		00000000000000000000002F /* AddRoundSheet.swift in Sources */ = {isa = PBXBuildFile; fileRef = 000000000000000000000018 /* AddRoundSheet.swift */; };
		000000000000000000000030 /* WinnerModalView.swift in Sources */ = {isa = PBXBuildFile; fileRef = 000000000000000000000019 /* WinnerModalView.swift */; };
		000000000000000000000031 /* ScoreCardView.swift in Sources */ = {isa = PBXBuildFile; fileRef = 00000000000000000000001A /* ScoreCardView.swift */; };
		000000000000000000000032 /* RoundRowView.swift in Sources */ = {isa = PBXBuildFile; fileRef = 00000000000000000000001B /* RoundRowView.swift */; };
		000000000000000000000033 /* ProjectChipView.swift in Sources */ = {isa = PBXBuildFile; fileRef = 00000000000000000000001C /* ProjectChipView.swift */; };
		000000000000000000000034 /* Assets.xcassets in Resources */ = {isa = PBXBuildFile; fileRef = 00000000000000000000001D /* Assets.xcassets */; };
		000000000000000000000035 /* Localizable.strings (ar) in Resources */ = {isa = PBXBuildFile; fileRef = 00000000000000000000001E /* Localizable.strings (ar) */; };
		000000000000000000000036 /* Localizable.strings (en) in Resources */ = {isa = PBXBuildFile; fileRef = 00000000000000000000001F /* Localizable.strings (en) */; };
		000000000000000000000037 /* AudioToolbox.framework in Frameworks */ = {isa = PBXBuildFile; fileRef = 000000000000000000000020 /* AudioToolbox.framework */; };
		000000000000000000000045 /* NotificationManager.swift in Sources */ = {isa = PBXBuildFile; fileRef = 000000000000000000000043 /* NotificationManager.swift */; };
		000000000000000000000046 /* SettingsView.swift in Sources */ = {isa = PBXBuildFile; fileRef = 000000000000000000000044 /* SettingsView.swift */; };
		000000000000000000000047 /* MobileBackendManager.swift in Sources */ = {isa = PBXBuildFile; fileRef = 000000000000000000000048 /* MobileBackendManager.swift */; };
		000000000000000000000049 /* AppDelegate.swift in Sources */ = {isa = PBXBuildFile; fileRef = 00000000000000000000004A /* AppDelegate.swift */; };
/* End PBXBuildFile section */

/* Begin PBXFileReference section */
		00000000000000000000000B /* QeidPlusApp.swift */ = {isa = PBXFileReference; lastKnownFileType = sourcecode.swift; name = QeidPlusApp.swift; path = QeidPlus/QeidPlusApp.swift; sourceTree = "<group>"; };
		00000000000000000000000C /* Constants.swift */ = {isa = PBXFileReference; lastKnownFileType = sourcecode.swift; name = Constants.swift; path = QeidPlus/Constants.swift; sourceTree = "<group>"; };
		00000000000000000000000D /* RoundMode.swift */ = {isa = PBXFileReference; lastKnownFileType = sourcecode.swift; name = RoundMode.swift; path = QeidPlus/Models/RoundMode.swift; sourceTree = "<group>"; };
		00000000000000000000000E /* MultiplierOption.swift */ = {isa = PBXFileReference; lastKnownFileType = sourcecode.swift; name = MultiplierOption.swift; path = QeidPlus/Models/MultiplierOption.swift; sourceTree = "<group>"; };
		00000000000000000000000F /* ProjectType.swift */ = {isa = PBXFileReference; lastKnownFileType = sourcecode.swift; name = ProjectType.swift; path = QeidPlus/Models/ProjectType.swift; sourceTree = "<group>"; };
		000000000000000000000010 /* Round.swift */ = {isa = PBXFileReference; lastKnownFileType = sourcecode.swift; name = Round.swift; path = QeidPlus/Models/Round.swift; sourceTree = "<group>"; };
		000000000000000000000011 /* Match.swift */ = {isa = PBXFileReference; lastKnownFileType = sourcecode.swift; name = Match.swift; path = QeidPlus/Models/Match.swift; sourceTree = "<group>"; };
		000000000000000000000012 /* ScoringService.swift */ = {isa = PBXFileReference; lastKnownFileType = sourcecode.swift; name = ScoringService.swift; path = QeidPlus/Services/ScoringService.swift; sourceTree = "<group>"; };
		000000000000000000000013 /* GameViewModel.swift */ = {isa = PBXFileReference; lastKnownFileType = sourcecode.swift; name = GameViewModel.swift; path = QeidPlus/ViewModels/GameViewModel.swift; sourceTree = "<group>"; };
		000000000000000000000014 /* AddRoundViewModel.swift */ = {isa = PBXFileReference; lastKnownFileType = sourcecode.swift; name = AddRoundViewModel.swift; path = QeidPlus/ViewModels/AddRoundViewModel.swift; sourceTree = "<group>"; };
		000000000000000000000015 /* HapticFeedback.swift */ = {isa = PBXFileReference; lastKnownFileType = sourcecode.swift; name = HapticFeedback.swift; path = QeidPlus/Utilities/HapticFeedback.swift; sourceTree = "<group>"; };
		000000000000000000000016 /* ShareSheet.swift */ = {isa = PBXFileReference; lastKnownFileType = sourcecode.swift; name = ShareSheet.swift; path = QeidPlus/Utilities/ShareSheet.swift; sourceTree = "<group>"; };
		000000000000000000000017 /* GameScreen.swift */ = {isa = PBXFileReference; lastKnownFileType = sourcecode.swift; name = GameScreen.swift; path = QeidPlus/Views/GameScreen.swift; sourceTree = "<group>"; };
		000000000000000000000018 /* AddRoundSheet.swift */ = {isa = PBXFileReference; lastKnownFileType = sourcecode.swift; name = AddRoundSheet.swift; path = QeidPlus/Views/AddRoundSheet.swift; sourceTree = "<group>"; };
		000000000000000000000019 /* WinnerModalView.swift */ = {isa = PBXFileReference; lastKnownFileType = sourcecode.swift; name = WinnerModalView.swift; path = QeidPlus/Views/WinnerModalView.swift; sourceTree = "<group>"; };
		00000000000000000000001A /* ScoreCardView.swift */ = {isa = PBXFileReference; lastKnownFileType = sourcecode.swift; name = ScoreCardView.swift; path = QeidPlus/Views/Components/ScoreCardView.swift; sourceTree = "<group>"; };
		00000000000000000000001B /* RoundRowView.swift */ = {isa = PBXFileReference; lastKnownFileType = sourcecode.swift; name = RoundRowView.swift; path = QeidPlus/Views/Components/RoundRowView.swift; sourceTree = "<group>"; };
		00000000000000000000001C /* ProjectChipView.swift */ = {isa = PBXFileReference; lastKnownFileType = sourcecode.swift; name = ProjectChipView.swift; path = QeidPlus/Views/Components/ProjectChipView.swift; sourceTree = "<group>"; };
		00000000000000000000001D /* Assets.xcassets */ = {isa = PBXFileReference; lastKnownFileType = folder.assetcatalog; name = Assets.xcassets; path = QeidPlus/Assets.xcassets; sourceTree = "<group>"; };
		00000000000000000000001E /* Localizable.strings (ar) */ = {isa = PBXFileReference; lastKnownFileType = text.plist.strings; name = Localizable.strings; path = QeidPlus/Resources/ar.lproj/Localizable.strings; sourceTree = "<group>"; };
		00000000000000000000001F /* Localizable.strings (en) */ = {isa = PBXFileReference; lastKnownFileType = text.plist.strings; name = Localizable.strings; path = QeidPlus/Resources/en.lproj/Localizable.strings; sourceTree = "<group>"; };
		000000000000000000000020 /* AudioToolbox.framework */ = {isa = PBXFileReference; lastKnownFileType = wrapper.framework; name = AudioToolbox.framework; path = System/Library/Frameworks/AudioToolbox.framework; sourceTree = SDKROOT; };
		000000000000000000000021 /* QeidPlus.app */ = {isa = PBXFileReference; explicitFileType = wrapper.application; includeInIndex = 0; path = QeidPlus.app; sourceTree = BUILT_PRODUCTS_DIR; };
		000000000000000000000043 /* NotificationManager.swift */ = {isa = PBXFileReference; lastKnownFileType = sourcecode.swift; name = NotificationManager.swift; path = QeidPlus/Services/NotificationManager.swift; sourceTree = "<group>"; };
		000000000000000000000044 /* SettingsView.swift */ = {isa = PBXFileReference; lastKnownFileType = sourcecode.swift; name = SettingsView.swift; path = QeidPlus/Views/SettingsView.swift; sourceTree = "<group>"; };
		000000000000000000000048 /* MobileBackendManager.swift */ = {isa = PBXFileReference; lastKnownFileType = sourcecode.swift; name = MobileBackendManager.swift; path = QeidPlus/Services/MobileBackendManager.swift; sourceTree = "<group>"; };
		00000000000000000000004A /* AppDelegate.swift */ = {isa = PBXFileReference; lastKnownFileType = sourcecode.swift; name = AppDelegate.swift; path = QeidPlus/AppDelegate.swift; sourceTree = "<group>"; };
		00000000000000000000004B /* QeidPlus.entitlements */ = {isa = PBXFileReference; lastKnownFileType = text.plist.entitlements; name = QeidPlus.entitlements; path = QeidPlus/QeidPlus.entitlements; sourceTree = "<group>"; };
/* End PBXFileReference section */

/* Begin PBXFrameworksBuildPhase section */
		00000000000000000000003A = {
			isa = PBXFrameworksBuildPhase;
			buildActionMask = 2147483647;
			files = (
				000000000000000000000037 /* AudioToolbox.framework in Frameworks */,
			);
			runOnlyForDeploymentPostprocessing = 0;
		};
/* End PBXFrameworksBuildPhase section */

/* Begin PBXGroup section */
		000000000000000000000001 = {
			isa = PBXGroup;
			children = (
				000000000000000000000003 /* QeidPlus */,
				000000000000000000000002 /* Products */,
			);
			sourceTree = "<group>";
		};
		000000000000000000000002 /* Products */ = {
			isa = PBXGroup;
			children = (
				000000000000000000000021 /* QeidPlus.app */,
			);
			name = Products;
			sourceTree = "<group>";
		};
		000000000000000000000003 /* QeidPlus */ = {
			isa = PBXGroup;
			children = (
				00000000000000000000000B /* QeidPlusApp.swift */,
				00000000000000000000004A /* AppDelegate.swift */,
				00000000000000000000004B /* QeidPlus.entitlements */,
				00000000000000000000000C /* Constants.swift */,
				000000000000000000000004 /* Models */,
				000000000000000000000005 /* Services */,
				000000000000000000000006 /* ViewModels */,
				000000000000000000000007 /* Utilities */,
				000000000000000000000008 /* Views */,
				00000000000000000000001D /* Assets.xcassets */,
				00000000000000000000000A /* Resources */,
			);
			name = QeidPlus;
			sourceTree = "<group>";
		};
		000000000000000000000004 /* Models */ = {
			isa = PBXGroup;
			children = (
				00000000000000000000000D /* RoundMode.swift */,
				00000000000000000000000E /* MultiplierOption.swift */,
				00000000000000000000000F /* ProjectType.swift */,
				000000000000000000000010 /* Round.swift */,
				000000000000000000000011 /* Match.swift */,
			);
			name = Models;
			sourceTree = "<group>";
		};
		000000000000000000000005 /* Services */ = {
			isa = PBXGroup;
			children = (
				000000000000000000000012 /* ScoringService.swift */,
				000000000000000000000043 /* NotificationManager.swift */,
				000000000000000000000048 /* MobileBackendManager.swift */,
			);
			name = Services;
			sourceTree = "<group>";
		};
		000000000000000000000006 /* ViewModels */ = {
			isa = PBXGroup;
			children = (
				000000000000000000000013 /* GameViewModel.swift */,
				000000000000000000000014 /* AddRoundViewModel.swift */,
			);
			name = ViewModels;
			sourceTree = "<group>";
		};
		000000000000000000000007 /* Utilities */ = {
			isa = PBXGroup;
			children = (
				000000000000000000000015 /* HapticFeedback.swift */,
				000000000000000000000016 /* ShareSheet.swift */,
			);
			name = Utilities;
			sourceTree = "<group>";
		};
		000000000000000000000008 /* Views */ = {
			isa = PBXGroup;
			children = (
				000000000000000000000017 /* GameScreen.swift */,
				000000000000000000000018 /* AddRoundSheet.swift */,
				000000000000000000000019 /* WinnerModalView.swift */,
				000000000000000000000044 /* SettingsView.swift */,
				000000000000000000000009 /* Components */,
			);
			name = Views;
			sourceTree = "<group>";
		};
		000000000000000000000009 /* Components */ = {
			isa = PBXGroup;
			children = (
				00000000000000000000001A /* ScoreCardView.swift */,
				00000000000000000000001B /* RoundRowView.swift */,
				00000000000000000000001C /* ProjectChipView.swift */,
			);
			name = Components;
			sourceTree = "<group>";
		};
		00000000000000000000000A /* Resources */ = {
			isa = PBXGroup;
			children = (
				00000000000000000000001E /* Localizable.strings (ar) */,
				00000000000000000000001F /* Localizable.strings (en) */,
			);
			name = Resources;
			sourceTree = "<group>";
		};
/* End PBXGroup section */

/* Begin PBXNativeTarget section */
		000000000000000000000041 /* QeidPlus */ = {
			isa = PBXNativeTarget;
			buildConfigurationList = 000000000000000000000040;
			buildPhases = (
				000000000000000000000038 /* Sources */,
				00000000000000000000003A /* Frameworks */,
				000000000000000000000039 /* Resources */,
			);
			buildRules = ();
			dependencies = ();
			name = QeidPlus;
			productName = QeidPlus;
			productReference = 000000000000000000000021 /* QeidPlus.app */;
			productType = "com.apple.product-type.application";
		};
/* End PBXNativeTarget section */

/* Begin PBXProject section */
		000000000000000000000042 /* Project object */ = {
			isa = PBXProject;
			attributes = {
				BuildIndependentTargetsInParallel = 1;
				LastSwiftUpdateCheck = 2620;
				LastUpgradeCheck = 2620;
				TargetAttributes = {
					000000000000000000000041 = { CreatedOnToolsVersion = 15.0; };
				};
			};
			buildConfigurationList = 00000000000000000000003F;
			compatibilityVersion = "Xcode 26.0";
			developmentRegion = ar;
			hasScannedForEncodings = 0;
			knownRegions = (ar, en, Base,);
			mainGroup = 000000000000000000000001;
			productRefGroup = 000000000000000000000002 /* Products */;
			projectDirPath = "";
			projectRoot = "";
			targets = (000000000000000000000041 /* QeidPlus */,);
		};
/* End PBXProject section */

/* Begin PBXResourcesBuildPhase section */
		000000000000000000000039 = {
			isa = PBXResourcesBuildPhase;
			buildActionMask = 2147483647;
			files = (
				000000000000000000000034 /* Assets.xcassets in Resources */,
				000000000000000000000035 /* Localizable.strings (ar) in Resources */,
				000000000000000000000036 /* Localizable.strings (en) in Resources */,
			);
			runOnlyForDeploymentPostprocessing = 0;
		};
/* End PBXResourcesBuildPhase section */

/* Begin PBXSourcesBuildPhase section */
		000000000000000000000038 = {
			isa = PBXSourcesBuildPhase;
			buildActionMask = 2147483647;
			files = (
				000000000000000000000022 /* QeidPlusApp.swift in Sources */,
				000000000000000000000023 /* Constants.swift in Sources */,
				000000000000000000000024 /* RoundMode.swift in Sources */,
				000000000000000000000025 /* MultiplierOption.swift in Sources */,
				000000000000000000000026 /* ProjectType.swift in Sources */,
				000000000000000000000027 /* Round.swift in Sources */,
				000000000000000000000028 /* Match.swift in Sources */,
				000000000000000000000029 /* ScoringService.swift in Sources */,
				00000000000000000000002A /* GameViewModel.swift in Sources */,
				00000000000000000000002B /* AddRoundViewModel.swift in Sources */,
				00000000000000000000002C /* HapticFeedback.swift in Sources */,
				00000000000000000000002D /* ShareSheet.swift in Sources */,
				00000000000000000000002E /* GameScreen.swift in Sources */,
				00000000000000000000002F /* AddRoundSheet.swift in Sources */,
				000000000000000000000030 /* WinnerModalView.swift in Sources */,
				000000000000000000000031 /* ScoreCardView.swift in Sources */,
				000000000000000000000032 /* RoundRowView.swift in Sources */,
				000000000000000000000033 /* ProjectChipView.swift in Sources */,
				000000000000000000000045 /* NotificationManager.swift in Sources */,
				000000000000000000000046 /* SettingsView.swift in Sources */,
				000000000000000000000047 /* MobileBackendManager.swift in Sources */,
				000000000000000000000049 /* AppDelegate.swift in Sources */,
			);
			runOnlyForDeploymentPostprocessing = 0;
		};
/* End PBXSourcesBuildPhase section */

/* Begin XCBuildConfiguration section */
		00000000000000000000003B /* Debug */ = {
			isa = XCBuildConfiguration;
			buildSettings = {
				ALWAYS_SEARCH_USER_PATHS = NO;
				DEBUG_INFORMATION_FORMAT = dwarf;
				ENABLE_TESTABILITY = YES;
				IPHONEOS_DEPLOYMENT_TARGET = 17.0;
				ENABLE_USER_SCRIPT_SANDBOXING = YES;
				ONLY_ACTIVE_ARCH = YES;
				SDKROOT = iphoneos;
				SWIFT_ACTIVE_COMPILATION_CONDITIONS = DEBUG;
				SWIFT_OPTIMIZATION_LEVEL = "-Onone";
			};
			name = Debug;
		};
		00000000000000000000003C /* Release */ = {
			isa = XCBuildConfiguration;
			buildSettings = {
				ALWAYS_SEARCH_USER_PATHS = NO;
				DEBUG_INFORMATION_FORMAT = "dwarf-with-dsym";
				ENABLE_USER_SCRIPT_SANDBOXING = YES;
				IPHONEOS_DEPLOYMENT_TARGET = 17.0;
				SDKROOT = iphoneos;
				SWIFT_OPTIMIZATION_LEVEL = "-O";
				VALIDATE_PRODUCT = YES;
			};
			name = Release;
		};
		00000000000000000000003D /* Debug */ = {
			isa = XCBuildConfiguration;
			buildSettings = {
				ALWAYS_SEARCH_USER_PATHS = NO;
				CODE_SIGN_ENTITLEMENTS = QeidPlus/QeidPlus.entitlements;
				CODE_SIGN_STYLE = Automatic;
				CURRENT_PROJECT_VERSION = 1;
				DEVELOPMENT_TEAM = FDZY65W9DJ;
				GENERATE_INFOPLIST_FILE = YES;
				INFOPLIST_KEY_CFBundleDisplayName = "\U0642\U064a\U062f +";
				INFOPLIST_KEY_QeidPlusMobileApiBaseURL = "https://almazyad.laravel.cloud/api/qaidplus/mobile/v1";
				INFOPLIST_KEY_QeidPlusMobileApiKey = "$(QEIDPLUS_MOBILE_API_KEY)";
				INFOPLIST_KEY_UIApplicationSceneManifest_Generation = YES;
				INFOPLIST_KEY_UIApplicationSupportsIndirectInputEvents = YES;
				INFOPLIST_KEY_UIBackgroundModes = "remote-notification";
				INFOPLIST_KEY_UILaunchScreen_Generation = YES;
				INFOPLIST_KEY_UISupportedInterfaceOrientations_iPhone = UIInterfaceOrientationPortrait;
				IPHONEOS_DEPLOYMENT_TARGET = 17.0;
				MARKETING_VERSION = 1.0;
				PRODUCT_BUNDLE_IDENTIFIER = com.abdullahalmazyad.qeidplus;
				PRODUCT_NAME = "$(TARGET_NAME)";
				QEIDPLUS_MOBILE_API_KEY = nUfpI0SnN7UkUwASRy05mXJ8hpGIzYuieXx0iF4soOg1FWCNtxxOptsSZjTAiDTP;
				SWIFT_EMIT_LOC_STRINGS = YES;
				SWIFT_VERSION = 5.0;
				TARGETED_DEVICE_FAMILY = 1;
				SWIFT_ACTIVE_COMPILATION_CONDITIONS = DEBUG;
				SWIFT_OPTIMIZATION_LEVEL = "-Onone";
			};
			name = Debug;
		};
		00000000000000000000003E /* Release */ = {
			isa = XCBuildConfiguration;
			buildSettings = {
				ALWAYS_SEARCH_USER_PATHS = NO;
				CODE_SIGN_ENTITLEMENTS = QeidPlus/QeidPlus.entitlements;
				CODE_SIGN_STYLE = Automatic;
				CURRENT_PROJECT_VERSION = 1;
				DEVELOPMENT_TEAM = FDZY65W9DJ;
				GENERATE_INFOPLIST_FILE = YES;
				INFOPLIST_KEY_CFBundleDisplayName = "\U0642\U064a\U062f +";
				INFOPLIST_KEY_QeidPlusMobileApiBaseURL = "https://almazyad.laravel.cloud/api/qaidplus/mobile/v1";
				INFOPLIST_KEY_QeidPlusMobileApiKey = "$(QEIDPLUS_MOBILE_API_KEY)";
				INFOPLIST_KEY_UIApplicationSceneManifest_Generation = YES;
				INFOPLIST_KEY_UIApplicationSupportsIndirectInputEvents = YES;
				INFOPLIST_KEY_UIBackgroundModes = "remote-notification";
				INFOPLIST_KEY_UILaunchScreen_Generation = YES;
				INFOPLIST_KEY_UISupportedInterfaceOrientations_iPhone = UIInterfaceOrientationPortrait;
				IPHONEOS_DEPLOYMENT_TARGET = 17.0;
				MARKETING_VERSION = 1.0;
				PRODUCT_BUNDLE_IDENTIFIER = com.abdullahalmazyad.qeidplus;
				PRODUCT_NAME = "$(TARGET_NAME)";
				QEIDPLUS_MOBILE_API_KEY = nUfpI0SnN7UkUwASRy05mXJ8hpGIzYuieXx0iF4soOg1FWCNtxxOptsSZjTAiDTP;
				SWIFT_EMIT_LOC_STRINGS = YES;
				SWIFT_VERSION = 5.0;
				TARGETED_DEVICE_FAMILY = 1;
				SWIFT_OPTIMIZATION_LEVEL = "-O";
				VALIDATE_PRODUCT = YES;
			};
			name = Release;
		};
/* End XCBuildConfiguration section */

/* Begin XCConfigurationList section */
		00000000000000000000003F /* Build configuration list for PBXProject "QeidPlus" */ = {
			isa = XCConfigurationList;
			buildConfigurations = (00000000000000000000003B /* Debug */, 00000000000000000000003C /* Release */,);
			defaultConfigurationIsVisible = 0;
			defaultConfigurationName = Release;
		};
		000000000000000000000040 /* Build configuration list for PBXNativeTarget "QeidPlus" */ = {
			isa = XCConfigurationList;
			buildConfigurations = (00000000000000000000003D /* Debug */, 00000000000000000000003E /* Release */,);
			defaultConfigurationIsVisible = 0;
			defaultConfigurationName = Release;
		};
/* End XCConfigurationList section */
	};
	rootObject = 000000000000000000000042 /* Project object */;
}
